// !$*UTF8*$!
{
	archiveVersion = 1;
	classes = {
	};
	objectVersion = 55;
	objects = {

/* Begin PBXBuildFile section */
		0BA06DE228971A8F00A1EB30 /* CartrackAssignmentApp.swift in Sources */ = {isa = PBXBuildFile; fileRef = 0BA06DE128971A8F00A1EB30 /* CartrackAssignmentApp.swift */; };
		0BA06DE428971A8F00A1EB30 /* ContentView.swift in Sources */ = {isa = PBXBuildFile; fileRef = 0BA06DE328971A8F00A1EB30 /* ContentView.swift */; };
		0BA06DE628971A9100A1EB30 /* Assets.xcassets in Resources */ = {isa = PBXBuildFile; fileRef = 0BA06DE528971A9100A1EB30 /* Assets.xcassets */; };
		0BA06DE928971A9100A1EB30 /* Preview Assets.xcassets in Resources */ = {isa = PBXBuildFile; fileRef = 0BA06DE828971A9100A1EB30 /* Preview Assets.xcassets */; };
		0BA06DF328971A9100A1EB30 /* CartrackAssignmentTests.swift in Sources */ = {isa = PBXBuildFile; fileRef = 0BA06DF228971A9100A1EB30 /* CartrackAssignmentTests.swift */; };
		0BA06DFD28971A9100A1EB30 /* CartrackAssignmentUITests.swift in Sources */ = {isa = PBXBuildFile; fileRef = 0BA06DFC28971A9100A1EB30 /* CartrackAssignmentUITests.swift */; };
		0BA06DFF28971A9100A1EB30 /* CartrackAssignmentUITestsLaunchTests.swift in Sources */ = {isa = PBXBuildFile; fileRef = 0BA06DFE28971A9100A1EB30 /* CartrackAssignmentUITestsLaunchTests.swift */; };
		0BA06E0E28971AD800A1EB30 /* CommonEnums.swift in Sources */ = {isa = PBXBuildFile; fileRef = 0BA06E0D28971AD800A1EB30 /* CommonEnums.swift */; };
		0BA06E1028971AEB00A1EB30 /* NetworkManager.swift in Sources */ = {isa = PBXBuildFile; fileRef = 0BA06E0F28971AEB00A1EB30 /* NetworkManager.swift */; };
		0BF5EC532897E69F000A16FB /* Gibson-Regular.ttf in Resources */ = {isa = PBXBuildFile; fileRef = 0BF5EC422897E69F000A16FB /* Gibson-Regular.ttf */; };
		0BF5EC542897E69F000A16FB /* Gibson-BoldItalic.ttf in Resources */ = {isa = PBXBuildFile; fileRef = 0BF5EC432897E69F000A16FB /* Gibson-BoldItalic.ttf */; };
		0BF5EC552897E69F000A16FB /* Gibson-Bold.ttf in Resources */ = {isa = PBXBuildFile; fileRef = 0BF5EC442897E69F000A16FB /* Gibson-Bold.ttf */; };
		0BF5EC562897E69F000A16FB /* Gibson-RegularItalic.ttf in Resources */ = {isa = PBXBuildFile; fileRef = 0BF5EC452897E69F000A16FB /* Gibson-RegularItalic.ttf */; };
		0BF5EC572897E69F000A16FB /* UIViewExtension.swift in Sources */ = {isa = PBXBuildFile; fileRef = 0BF5EC462897E69F000A16FB /* UIViewExtension.swift */; };
		0BF5EC582897E69F000A16FB /* ColorExtension.swift in Sources */ = {isa = PBXBuildFile; fileRef = 0BF5EC472897E69F000A16FB /* ColorExtension.swift */; };
		0BF5EC592897E69F000A16FB /* UIFontExtension.swift in Sources */ = {isa = PBXBuildFile; fileRef = 0BF5EC482897E69F000A16FB /* UIFontExtension.swift */; };
/* End PBXBuildFile section */

/* Begin PBXContainerItemProxy section */
		0BA06DEF28971A9100A1EB30 /* PBXContainerItemProxy */ = {
			isa = PBXContainerItemProxy;
			containerPortal = 0BA06DD628971A8F00A1EB30 /* Project object */;
			proxyType = 1;
			remoteGlobalIDString = 0BA06DDD28971A8F00A1EB30;
			remoteInfo = CartrackAssignment;
		};
		0BA06DF928971A9100A1EB30 /* PBXContainerItemProxy */ = {
			isa = PBXContainerItemProxy;
			containerPortal = 0BA06DD628971A8F00A1EB30 /* Project object */;
			proxyType = 1;
			remoteGlobalIDString = 0BA06DDD28971A8F00A1EB30;
			remoteInfo = CartrackAssignment;
		};
/* End PBXContainerItemProxy section */

/* Begin PBXFileReference section */
		0BA06DDE28971A8F00A1EB30 /* CartrackAssignment.app */ = {isa = PBXFileReference; explicitFileType = wrapper.application; includeInIndex = 0; path = CartrackAssignment.app; sourceTree = BUILT_PRODUCTS_DIR; };
		0BA06DE128971A8F00A1EB30 /* CartrackAssignmentApp.swift */ = {isa = PBXFileReference; lastKnownFileType = sourcecode.swift; path = CartrackAssignmentApp.swift; sourceTree = "<group>"; };
		0BA06DE328971A8F00A1EB30 /* ContentView.swift */ = {isa = PBXFileReference; lastKnownFileType = sourcecode.swift; path = ContentView.swift; sourceTree = "<group>"; };
		0BA06DE528971A9100A1EB30 /* Assets.xcassets */ = {isa = PBXFileReference; lastKnownFileType = folder.assetcatalog; path = Assets.xcassets; sourceTree = "<group>"; };
		0BA06DE828971A9100A1EB30 /* Preview Assets.xcassets */ = {isa = PBXFileReference; lastKnownFileType = folder.assetcatalog; path = "Preview Assets.xcassets"; sourceTree = "<group>"; };
		0BA06DEE28971A9100A1EB30 /* CartrackAssignmentTests.xctest */ = {isa = PBXFileReference; explicitFileType = wrapper.cfbundle; includeInIndex = 0; path = CartrackAssignmentTests.xctest; sourceTree = BUILT_PRODUCTS_DIR; };
		0BA06DF228971A9100A1EB30 /* CartrackAssignmentTests.swift */ = {isa = PBXFileReference; lastKnownFileType = sourcecode.swift; path = CartrackAssignmentTests.swift; sourceTree = "<group>"; };
		0BA06DF828971A9100A1EB30 /* CartrackAssignmentUITests.xctest */ = {isa = PBXFileReference; explicitFileType = wrapper.cfbundle; includeInIndex = 0; path = CartrackAssignmentUITests.xctest; sourceTree = BUILT_PRODUCTS_DIR; };
		0BA06DFC28971A9100A1EB30 /* CartrackAssignmentUITests.swift */ = {isa = PBXFileReference; lastKnownFileType = sourcecode.swift; path = CartrackAssignmentUITests.swift; sourceTree = "<group>"; };
		0BA06DFE28971A9100A1EB30 /* CartrackAssignmentUITestsLaunchTests.swift */ = {isa = PBXFileReference; lastKnownFileType = sourcecode.swift; path = CartrackAssignmentUITestsLaunchTests.swift; sourceTree = "<group>"; };
		0BA06E0D28971AD800A1EB30 /* CommonEnums.swift */ = {isa = PBXFileReference; lastKnownFileType = sourcecode.swift; path = CommonEnums.swift; sourceTree = "<group>"; };
		0BA06E0F28971AEB00A1EB30 /* NetworkManager.swift */ = {isa = PBXFileReference; lastKnownFileType = sourcecode.swift; path = NetworkManager.swift; sourceTree = "<group>"; };
		0BF5EC422897E69F000A16FB /* Gibson-Regular.ttf */ = {isa = PBXFileReference; lastKnownFileType = file; path = "Gibson-Regular.ttf"; sourceTree = "<group>"; };
		0BF5EC432897E69F000A16FB /* Gibson-BoldItalic.ttf */ = {isa = PBXFileReference; lastKnownFileType = file; path = "Gibson-BoldItalic.ttf"; sourceTree = "<group>"; };
		0BF5EC442897E69F000A16FB /* Gibson-Bold.ttf */ = {isa = PBXFileReference; lastKnownFileType = file; path = "Gibson-Bold.ttf"; sourceTree = "<group>"; };
		0BF5EC452897E69F000A16FB /* Gibson-RegularItalic.ttf */ = {isa = PBXFileReference; lastKnownFileType = file; path = "Gibson-RegularItalic.ttf"; sourceTree = "<group>"; };
		0BF5EC462897E69F000A16FB /* UIViewExtension.swift */ = {isa = PBXFileReference; fileEncoding = 4; lastKnownFileType = sourcecode.swift; path = UIViewExtension.swift; sourceTree = "<group>"; };
		0BF5EC472897E69F000A16FB /* ColorExtension.swift */ = {isa = PBXFileReference; fileEncoding = 4; lastKnownFileType = sourcecode.swift; path = ColorExtension.swift; sourceTree = "<group>"; };
		0BF5EC482897E69F000A16FB /* UIFontExtension.swift */ = {isa = PBXFileReference; fileEncoding = 4; lastKnownFileType = sourcecode.swift; path = UIFontExtension.swift; sourceTree = "<group>"; };
/* End PBXFileReference section */

/* Begin PBXFrameworksBuildPhase section */
		0BA06DDB28971A8F00A1EB30 /* Frameworks */ = {
			isa = PBXFrameworksBuildPhase;
			buildActionMask = 2147483647;
			files = (
			);
			runOnlyForDeploymentPostprocessing = 0;
		};
		0BA06DEB28971A9100A1EB30 /* Frameworks */ = {
			isa = PBXFrameworksBuildPhase;
			buildActionMask = 2147483647;
			files = (
			);
			runOnlyForDeploymentPostprocessing = 0;
		};
		0BA06DF528971A9100A1EB30 /* Frameworks */ = {
			isa = PBXFrameworksBuildPhase;
			buildActionMask = 2147483647;
			files = (
			);
			runOnlyForDeploymentPostprocessing = 0;
		};
/* End PBXFrameworksBuildPhase section */

/* Begin PBXGroup section */
		0BA06DD528971A8F00A1EB30 = {
			isa = PBXGroup;
			children = (
				0BA06DE028971A8F00A1EB30 /* CartrackAssignment */,
				0BA06DF128971A9100A1EB30 /* CartrackAssignmentTests */,
				0BA06DFB28971A9100A1EB30 /* CartrackAssignmentUITests */,
				0BA06DDF28971A8F00A1EB30 /* Products */,
			);
			sourceTree = "<group>";
		};
		0BA06DDF28971A8F00A1EB30 /* Products */ = {
			isa = PBXGroup;
			children = (
				0BA06DDE28971A8F00A1EB30 /* CartrackAssignment.app */,
				0BA06DEE28971A9100A1EB30 /* CartrackAssignmentTests.xctest */,
				0BA06DF828971A9100A1EB30 /* CartrackAssignmentUITests.xctest */,
			);
			name = Products;
			sourceTree = "<group>";
		};
		0BA06DE028971A8F00A1EB30 /* CartrackAssignment */ = {
			isa = PBXGroup;
			children = (
				0BF5EC342897E605000A16FB /* Utils */,
				0BA06E0C28971AC000A1EB30 /* NetworkLayer */,
				0BA06E0B28971AB600A1EB30 /* Enumerations */,
				0BA06DE128971A8F00A1EB30 /* CartrackAssignmentApp.swift */,
				0BA06DE328971A8F00A1EB30 /* ContentView.swift */,
				0BA06DE528971A9100A1EB30 /* Assets.xcassets */,
				0BA06DE728971A9100A1EB30 /* Preview Content */,
			);
			path = CartrackAssignment;
			sourceTree = "<group>";
		};
		0BA06DE728971A9100A1EB30 /* Preview Content */ = {
			isa = PBXGroup;
			children = (
				0BA06DE828971A9100A1EB30 /* Preview Assets.xcassets */,
			);
			path = "Preview Content";
			sourceTree = "<group>";
		};
		0BA06DF128971A9100A1EB30 /* CartrackAssignmentTests */ = {
			isa = PBXGroup;
			children = (
				0BA06DF228971A9100A1EB30 /* CartrackAssignmentTests.swift */,
			);
			path = CartrackAssignmentTests;
			sourceTree = "<group>";
		};
		0BA06DFB28971A9100A1EB30 /* CartrackAssignmentUITests */ = {
			isa = PBXGroup;
			children = (
				0BA06DFC28971A9100A1EB30 /* CartrackAssignmentUITests.swift */,
				0BA06DFE28971A9100A1EB30 /* CartrackAssignmentUITestsLaunchTests.swift */,
			);
			path = CartrackAssignmentUITests;
			sourceTree = "<group>";
		};
		0BA06E0B28971AB600A1EB30 /* Enumerations */ = {
			isa = PBXGroup;
			children = (
				0BA06E0D28971AD800A1EB30 /* CommonEnums.swift */,
			);
			path = Enumerations;
			sourceTree = "<group>";
		};
		0BA06E0C28971AC000A1EB30 /* NetworkLayer */ = {
			isa = PBXGroup;
			children = (
				0BA06E0F28971AEB00A1EB30 /* NetworkManager.swift */,
			);
			path = NetworkLayer;
			sourceTree = "<group>";
		};
		0BF5EC342897E605000A16FB /* Utils */ = {
			isa = PBXGroup;
			children = (
				0BF5EC352897E69F000A16FB /* Resources */,
				0BF5EC472897E69F000A16FB /* ColorExtension.swift */,
				0BF5EC482897E69F000A16FB /* UIFontExtension.swift */,
				0BF5EC462897E69F000A16FB /* UIViewExtension.swift */,
			);
			path = Utils;
			sourceTree = "<group>";
		};
		0BF5EC352897E69F000A16FB /* Resources */ = {
			isa = PBXGroup;
			children = (
				0BF5EC412897E69F000A16FB /* GibsonFont */,
			);
			path = Resources;
			sourceTree = "<group>";
		};
		0BF5EC412897E69F000A16FB /* GibsonFont */ = {
			isa = PBXGroup;
			children = (
				0BF5EC422897E69F000A16FB /* Gibson-Regular.ttf */,
				0BF5EC432897E69F000A16FB /* Gibson-BoldItalic.ttf */,
				0BF5EC442897E69F000A16FB /* Gibson-Bold.ttf */,
				0BF5EC452897E69F000A16FB /* Gibson-RegularItalic.ttf */,
			);
			path = GibsonFont;
			sourceTree = "<group>";
		};
/* End PBXGroup section */

/* Begin PBXNativeTarget section */
		0BA06DDD28971A8F00A1EB30 /* CartrackAssignment */ = {
			isa = PBXNativeTarget;
			buildConfigurationList = 0BA06E0228971A9100A1EB30 /* Build configuration list for PBXNativeTarget "CartrackAssignment" */;
			buildPhases = (
				0BA06DDA28971A8F00A1EB30 /* Sources */,
				0BA06DDB28971A8F00A1EB30 /* Frameworks */,
				0BA06DDC28971A8F00A1EB30 /* Resources */,
			);
			buildRules = (
			);
			dependencies = (
			);
			name = CartrackAssignment;
			productName = CartrackAssignment;
			productReference = 0BA06DDE28971A8F00A1EB30 /* CartrackAssignment.app */;
			productType = "com.apple.product-type.application";
		};
		0BA06DED28971A9100A1EB30 /* CartrackAssignmentTests */ = {
			isa = PBXNativeTarget;
			buildConfigurationList = 0BA06E0528971A9100A1EB30 /* Build configuration list for PBXNativeTarget "CartrackAssignmentTests" */;
			buildPhases = (
				0BA06DEA28971A9100A1EB30 /* Sources */,
				0BA06DEB28971A9100A1EB30 /* Frameworks */,
				0BA06DEC28971A9100A1EB30 /* Resources */,
			);
			buildRules = (
			);
			dependencies = (
				0BA06DF028971A9100A1EB30 /* PBXTargetDependency */,
			);
			name = CartrackAssignmentTests;
			productName = CartrackAssignmentTests;
			productReference = 0BA06DEE28971A9100A1EB30 /* CartrackAssignmentTests.xctest */;
			productType = "com.apple.product-type.bundle.unit-test";
		};
		0BA06DF728971A9100A1EB30 /* CartrackAssignmentUITests */ = {
			isa = PBXNativeTarget;
			buildConfigurationList = 0BA06E0828971A9100A1EB30 /* Build configuration list for PBXNativeTarget "CartrackAssignmentUITests" */;
			buildPhases = (
				0BA06DF428971A9100A1EB30 /* Sources */,
				0BA06DF528971A9100A1EB30 /* Frameworks */,
				0BA06DF628971A9100A1EB30 /* Resources */,
			);
			buildRules = (
			);
			dependencies = (
				0BA06DFA28971A9100A1EB30 /* PBXTargetDependency */,
			);
			name = CartrackAssignmentUITests;
			productName = CartrackAssignmentUITests;
			productReference = 0BA06DF828971A9100A1EB30 /* CartrackAssignmentUITests.xctest */;
			productType = "com.apple.product-type.bundle.ui-testing";
		};
/* End PBXNativeTarget section */

/* Begin PBXProject section */
		0BA06DD628971A8F00A1EB30 /* Project object */ = {
			isa = PBXProject;
			attributes = {
				BuildIndependentTargetsInParallel = 1;
				LastSwiftUpdateCheck = 1340;
				LastUpgradeCheck = 1340;
				TargetAttributes = {
					0BA06DDD28971A8F00A1EB30 = {
						CreatedOnToolsVersion = 13.4.1;
					};
					0BA06DED28971A9100A1EB30 = {
						CreatedOnToolsVersion = 13.4.1;
						TestTargetID = 0BA06DDD28971A8F00A1EB30;
					};
					0BA06DF728971A9100A1EB30 = {
						CreatedOnToolsVersion = 13.4.1;
						TestTargetID = 0BA06DDD28971A8F00A1EB30;
					};
				};
			};
			buildConfigurationList = 0BA06DD928971A8F00A1EB30 /* Build configuration list for PBXProject "CartrackAssignment" */;
			compatibilityVersion = "Xcode 13.0";
			developmentRegion = en;
			hasScannedForEncodings = 0;
			knownRegions = (
				en,
				Base,
			);
			mainGroup = 0BA06DD528971A8F00A1EB30;
			productRefGroup = 0BA06DDF28971A8F00A1EB30 /* Products */;
			projectDirPath = "";
			projectRoot = "";
			targets = (
				0BA06DDD28971A8F00A1EB30 /* CartrackAssignment */,
				0BA06DED28971A9100A1EB30 /* CartrackAssignmentTests */,
				0BA06DF728971A9100A1EB30 /* CartrackAssignmentUITests */,
			);
		};
/* End PBXProject section */

/* Begin PBXResourcesBuildPhase section */
		0BA06DDC28971A8F00A1EB30 /* Resources */ = {
			isa = PBXResourcesBuildPhase;
			buildActionMask = 2147483647;
			files = (
				0BF5EC532897E69F000A16FB /* Gibson-Regular.ttf in Resources */,
				0BF5EC542897E69F000A16FB /* Gibson-BoldItalic.ttf in Resources */,
				0BA06DE928971A9100A1EB30 /* Preview Assets.xcassets in Resources */,
				0BA06DE628971A9100A1EB30 /* Assets.xcassets in Resources */,
				0BF5EC562897E69F000A16FB /* Gibson-RegularItalic.ttf in Resources */,
				0BF5EC552897E69F000A16FB /* Gibson-Bold.ttf in Resources */,
			);
			runOnlyForDeploymentPostprocessing = 0;
		};
		0BA06DEC28971A9100A1EB30 /* Resources */ = {
			isa = PBXResourcesBuildPhase;
			buildActionMask = 2147483647;
			files = (
			);
			runOnlyForDeploymentPostprocessing = 0;
		};
		0BA06DF628971A9100A1EB30 /* Resources */ = {
			isa = PBXResourcesBuildPhase;
			buildActionMask = 2147483647;
			files = (
			);
			runOnlyForDeploymentPostprocessing = 0;
		};
/* End PBXResourcesBuildPhase section */

/* Begin PBXSourcesBuildPhase section */
		0BA06DDA28971A8F00A1EB30 /* Sources */ = {
			isa = PBXSourcesBuildPhase;
			buildActionMask = 2147483647;
			files = (
				0BF5EC572897E69F000A16FB /* UIViewExtension.swift in Sources */,
				0BA06E1028971AEB00A1EB30 /* NetworkManager.swift in Sources */,
				0BA06E0E28971AD800A1EB30 /* CommonEnums.swift in Sources */,
				0BA06DE428971A8F00A1EB30 /* ContentView.swift in Sources */,
				0BA06DE228971A8F00A1EB30 /* CartrackAssignmentApp.swift in Sources */,
				0BF5EC582897E69F000A16FB /* ColorExtension.swift in Sources */,
				0BF5EC592897E69F000A16FB /* UIFontExtension.swift in Sources */,
			);
			runOnlyForDeploymentPostprocessing = 0;
		};
		0BA06DEA28971A9100A1EB30 /* Sources */ = {
			isa = PBXSourcesBuildPhase;
			buildActionMask = 2147483647;
			files = (
				0BA06DF328971A9100A1EB30 /* CartrackAssignmentTests.swift in Sources */,
			);
			runOnlyForDeploymentPostprocessing = 0;
		};
		0BA06DF428971A9100A1EB30 /* Sources */ = {
			isa = PBXSourcesBuildPhase;
			buildActionMask = 2147483647;
			files = (
				0BA06DFF28971A9100A1EB30 /* CartrackAssignmentUITestsLaunchTests.swift in Sources */,
				0BA06DFD28971A9100A1EB30 /* CartrackAssignmentUITests.swift in Sources */,
			);
			runOnlyForDeploymentPostprocessing = 0;
		};
/* End PBXSourcesBuildPhase section */

/* Begin PBXTargetDependency section */
		0BA06DF028971A9100A1EB30 /* PBXTargetDependency */ = {
			isa = PBXTargetDependency;
			target = 0BA06DDD28971A8F00A1EB30 /* CartrackAssignment */;
			targetProxy = 0BA06DEF28971A9100A1EB30 /* PBXContainerItemProxy */;
		};
		0BA06DFA28971A9100A1EB30 /* PBXTargetDependency */ = {
			isa = PBXTargetDependency;
			target = 0BA06DDD28971A8F00A1EB30 /* CartrackAssignment */;
			targetProxy = 0BA06DF928971A9100A1EB30 /* PBXContainerItemProxy */;
		};
/* End PBXTargetDependency section */

/* Begin XCBuildConfiguration section */
		0BA06E0028971A9100A1EB30 /* Debug */ = {
			isa = XCBuildConfiguration;
			buildSettings = {
				ALWAYS_SEARCH_USER_PATHS = NO;
				CLANG_ANALYZER_NONNULL = YES;
				CLANG_ANALYZER_NUMBER_OBJECT_CONVERSION = YES_AGGRESSIVE;
				CLANG_CXX_LANGUAGE_STANDARD = "gnu++17";
				CLANG_ENABLE_MODULES = YES;
				CLANG_ENABLE_OBJC_ARC = YES;
				CLANG_ENABLE_OBJC_WEAK = YES;
				CLANG_WARN_BLOCK_CAPTURE_AUTORELEASING = YES;
				CLANG_WARN_BOOL_CONVERSION = YES;
				CLANG_WARN_COMMA = YES;
				CLANG_WARN_CONSTANT_CONVERSION = YES;
				CLANG_WARN_DEPRECATED_OBJC_IMPLEMENTATIONS = YES;
				CLANG_WARN_DIRECT_OBJC_ISA_USAGE = YES_ERROR;
				CLANG_WARN_DOCUMENTATION_COMMENTS = YES;
				CLANG_WARN_EMPTY_BODY = YES;
				CLANG_WARN_ENUM_CONVERSION = YES;
				CLANG_WARN_INFINITE_RECURSION = YES;
				CLANG_WARN_INT_CONVERSION = YES;
				CLANG_WARN_NON_LITERAL_NULL_CONVERSION = YES;
				CLANG_WARN_OBJC_IMPLICIT_RETAIN_SELF = YES;
				CLANG_WARN_OBJC_LITERAL_CONVERSION = YES;
				CLANG_WARN_OBJC_ROOT_CLASS = YES_ERROR;
				CLANG_WARN_QUOTED_INCLUDE_IN_FRAMEWORK_HEADER = YES;
				CLANG_WARN_RANGE_LOOP_ANALYSIS = YES;
				CLANG_WARN_STRICT_PROTOTYPES = YES;
				CLANG_WARN_SUSPICIOUS_MOVE = YES;
				CLANG_WARN_UNGUARDED_AVAILABILITY = YES_AGGRESSIVE;
				CLANG_WARN_UNREACHABLE_CODE = YES;
				CLANG_WARN__DUPLICATE_METHOD_MATCH = YES;
				COPY_PHASE_STRIP = NO;
				DEBUG_INFORMATION_FORMAT = dwarf;
				ENABLE_STRICT_OBJC_MSGSEND = YES;
				ENABLE_TESTABILITY = YES;
				GCC_C_LANGUAGE_STANDARD = gnu11;
				GCC_DYNAMIC_NO_PIC = NO;
				GCC_NO_COMMON_BLOCKS = YES;
				GCC_OPTIMIZATION_LEVEL = 0;
				GCC_PREPROCESSOR_DEFINITIONS = (
					"DEBUG=1",
					"$(inherited)",
				);
				GCC_WARN_64_TO_32_BIT_CONVERSION = YES;
				GCC_WARN_ABOUT_RETURN_TYPE = YES_ERROR;
				GCC_WARN_UNDECLARED_SELECTOR = YES;
				GCC_WARN_UNINITIALIZED_AUTOS = YES_AGGRESSIVE;
				GCC_WARN_UNUSED_FUNCTION = YES;
				GCC_WARN_UNUSED_VARIABLE = YES;
				IPHONEOS_DEPLOYMENT_TARGET = 15.5;
				MTL_ENABLE_DEBUG_INFO = INCLUDE_SOURCE;
				MTL_FAST_MATH = YES;
				ONLY_ACTIVE_ARCH = YES;
				SDKROOT = iphoneos;
				SWIFT_ACTIVE_COMPILATION_CONDITIONS = DEBUG;
				SWIFT_OPTIMIZATION_LEVEL = "-Onone";
			};
			name = Debug;
		};
		0BA06E0128971A9100A1EB30 /* Release */ = {
			isa = XCBuildConfiguration;
			buildSettings = {
				ALWAYS_SEARCH_USER_PATHS = NO;
				CLANG_ANALYZER_NONNULL = YES;
				CLANG_ANALYZER_NUMBER_OBJECT_CONVERSION = YES_AGGRESSIVE;
				CLANG_CXX_LANGUAGE_STANDARD = "gnu++17";
				CLANG_ENABLE_MODULES = YES;
				CLANG_ENABLE_OBJC_ARC = YES;
				CLANG_ENABLE_OBJC_WEAK = YES;
				CLANG_WARN_BLOCK_CAPTURE_AUTORELEASING = YES;
				CLANG_WARN_BOOL_CONVERSION = YES;
				CLANG_WARN_COMMA = YES;
				CLANG_WARN_CONSTANT_CONVERSION = YES;
				CLANG_WARN_DEPRECATED_OBJC_IMPLEMENTATIONS = YES;
				CLANG_WARN_DIRECT_OBJC_ISA_USAGE = YES_ERROR;
				CLANG_WARN_DOCUMENTATION_COMMENTS = YES;
				CLANG_WARN_EMPTY_BODY = YES;
				CLANG_WARN_ENUM_CONVERSION = YES;
				CLANG_WARN_INFINITE_RECURSION = YES;
				CLANG_WARN_INT_CONVERSION = YES;
				CLANG_WARN_NON_LITERAL_NULL_CONVERSION = YES;
				CLANG_WARN_OBJC_IMPLICIT_RETAIN_SELF = YES;
				CLANG_WARN_OBJC_LITERAL_CONVERSION = YES;
				CLANG_WARN_OBJC_ROOT_CLASS = YES_ERROR;
				CLANG_WARN_QUOTED_INCLUDE_IN_FRAMEWORK_HEADER = YES;
				CLANG_WARN_RANGE_LOOP_ANALYSIS = YES;
				CLANG_WARN_STRICT_PROTOTYPES = YES;
				CLANG_WARN_SUSPICIOUS_MOVE = YES;
				CLANG_WARN_UNGUARDED_AVAILABILITY = YES_AGGRESSIVE;
				CLANG_WARN_UNREACHABLE_CODE = YES;
				CLANG_WARN__DUPLICATE_METHOD_MATCH = YES;
				COPY_PHASE_STRIP = NO;
				DEBUG_INFORMATION_FORMAT = "dwarf-with-dsym";
				ENABLE_NS_ASSERTIONS = NO;
				ENABLE_STRICT_OBJC_MSGSEND = YES;
				GCC_C_LANGUAGE_STANDARD = gnu11;
				GCC_NO_COMMON_BLOCKS = YES;
				GCC_WARN_64_TO_32_BIT_CONVERSION = YES;
				GCC_WARN_ABOUT_RETURN_TYPE = YES_ERROR;
				GCC_WARN_UNDECLARED_SELECTOR = YES;
				GCC_WARN_UNINITIALIZED_AUTOS = YES_AGGRESSIVE;
				GCC_WARN_UNUSED_FUNCTION = YES;
				GCC_WARN_UNUSED_VARIABLE = YES;
				IPHONEOS_DEPLOYMENT_TARGET = 15.5;
				MTL_ENABLE_DEBUG_INFO = NO;
				MTL_FAST_MATH = YES;
				SDKROOT = iphoneos;
				SWIFT_COMPILATION_MODE = wholemodule;
				SWIFT_OPTIMIZATION_LEVEL = "-O";
				VALIDATE_PRODUCT = YES;
			};
			name = Release;
		};
		0BA06E0328971A9100A1EB30 /* Debug */ = {
			isa = XCBuildConfiguration;
			buildSettings = {
				ASSETCATALOG_COMPILER_APPICON_NAME = AppIcon;
				ASSETCATALOG_COMPILER_GLOBAL_ACCENT_COLOR_NAME = AccentColor;
				CODE_SIGN_STYLE = Automatic;
				CURRENT_PROJECT_VERSION = 1;
				DEVELOPMENT_ASSET_PATHS = "\"CartrackAssignment/Preview Content\"";
				ENABLE_PREVIEWS = YES;
				GENERATE_INFOPLIST_FILE = YES;
				INFOPLIST_KEY_UIApplicationSceneManifest_Generation = YES;
				INFOPLIST_KEY_UIApplicationSupportsIndirectInputEvents = YES;
				INFOPLIST_KEY_UILaunchScreen_Generation = YES;
				INFOPLIST_KEY_UISupportedInterfaceOrientations_iPad = "UIInterfaceOrientationPortrait UIInterfaceOrientationPortraitUpsideDown UIInterfaceOrientationLandscapeLeft UIInterfaceOrientationLandscapeRight";
				INFOPLIST_KEY_UISupportedInterfaceOrientations_iPhone = "UIInterfaceOrientationPortrait UIInterfaceOrientationLandscapeLeft UIInterfaceOrientationLandscapeRight";
				LD_RUNPATH_SEARCH_PATHS = (
					"$(inherited)",
					"@executable_path/Frameworks",
				);
				MARKETING_VERSION = 1.0;
				PRODUCT_BUNDLE_IDENTIFIER = ChetanSundriyal.CartrackAssignment;
				PRODUCT_NAME = "$(TARGET_NAME)";
				SWIFT_EMIT_LOC_STRINGS = YES;
				SWIFT_VERSION = 5.0;
				TARGETED_DEVICE_FAMILY = "1,2";
			};
			name = Debug;
		};
		0BA06E0428971A9100A1EB30 /* Release */ = {
			isa = XCBuildConfiguration;
			buildSettings = {
				ASSETCATALOG_COMPILER_APPICON_NAME = AppIcon;
				ASSETCATALOG_COMPILER_GLOBAL_ACCENT_COLOR_NAME = AccentColor;
				CODE_SIGN_STYLE = Automatic;
				CURRENT_PROJECT_VERSION = 1;
				DEVELOPMENT_ASSET_PATHS = "\"CartrackAssignment/Preview Content\"";
				ENABLE_PREVIEWS = YES;
				GENERATE_INFOPLIST_FILE = YES;
				INFOPLIST_KEY_UIApplicationSceneManifest_Generation = YES;
				INFOPLIST_KEY_UIApplicationSupportsIndirectInputEvents = YES;
				INFOPLIST_KEY_UILaunchScreen_Generation = YES;
				INFOPLIST_KEY_UISupportedInterfaceOrientations_iPad = "UIInterfaceOrientationPortrait UIInterfaceOrientationPortraitUpsideDown UIInterfaceOrientationLandscapeLeft UIInterfaceOrientationLandscapeRight";
				INFOPLIST_KEY_UISupportedInterfaceOrientations_iPhone = "UIInterfaceOrientationPortrait UIInterfaceOrientationLandscapeLeft UIInterfaceOrientationLandscapeRight";
				LD_RUNPATH_SEARCH_PATHS = (
					"$(inherited)",
					"@executable_path/Frameworks",
				);
				MARKETING_VERSION = 1.0;
				PRODUCT_BUNDLE_IDENTIFIER = ChetanSundriyal.CartrackAssignment;
				PRODUCT_NAME = "$(TARGET_NAME)";
				SWIFT_EMIT_LOC_STRINGS = YES;
				SWIFT_VERSION = 5.0;
				TARGETED_DEVICE_FAMILY = "1,2";
			};
			name = Release;
		};
		0BA06E0628971A9100A1EB30 /* Debug */ = {
			isa = XCBuildConfiguration;
			buildSettings = {
				ALWAYS_EMBED_SWIFT_STANDARD_LIBRARIES = YES;
				BUNDLE_LOADER = "$(TEST_HOST)";
				CODE_SIGN_STYLE = Automatic;
				CURRENT_PROJECT_VERSION = 1;
				GENERATE_INFOPLIST_FILE = YES;
				IPHONEOS_DEPLOYMENT_TARGET = 15.5;
				MARKETING_VERSION = 1.0;
				PRODUCT_BUNDLE_IDENTIFIER = ChetanSundriyal.CartrackAssignmentTests;
				PRODUCT_NAME = "$(TARGET_NAME)";
				SWIFT_EMIT_LOC_STRINGS = NO;
				SWIFT_VERSION = 5.0;
				TARGETED_DEVICE_FAMILY = "1,2";
				TEST_HOST = "$(BUILT_PRODUCTS_DIR)/CartrackAssignment.app/CartrackAssignment";
			};
			name = Debug;
		};
		0BA06E0728971A9100A1EB30 /* Release */ = {
			isa = XCBuildConfiguration;
			buildSettings = {
				ALWAYS_EMBED_SWIFT_STANDARD_LIBRARIES = YES;
				BUNDLE_LOADER = "$(TEST_HOST)";
				CODE_SIGN_STYLE = Automatic;
				CURRENT_PROJECT_VERSION = 1;
				GENERATE_INFOPLIST_FILE = YES;
				IPHONEOS_DEPLOYMENT_TARGET = 15.5;
				MARKETING_VERSION = 1.0;
				PRODUCT_BUNDLE_IDENTIFIER = ChetanSundriyal.CartrackAssignmentTests;
				PRODUCT_NAME = "$(TARGET_NAME)";
				SWIFT_EMIT_LOC_STRINGS = NO;
				SWIFT_VERSION = 5.0;
				TARGETED_DEVICE_FAMILY = "1,2";
				TEST_HOST = "$(BUILT_PRODUCTS_DIR)/CartrackAssignment.app/CartrackAssignment";
			};
			name = Release;
		};
		0BA06E0928971A9100A1EB30 /* Debug */ = {
			isa = XCBuildConfiguration;
			buildSettings = {
				ALWAYS_EMBED_SWIFT_STANDARD_LIBRARIES = YES;
				CODE_SIGN_STYLE = Automatic;
				CURRENT_PROJECT_VERSION = 1;
				GENERATE_INFOPLIST_FILE = YES;
				MARKETING_VERSION = 1.0;
				PRODUCT_BUNDLE_IDENTIFIER = ChetanSundriyal.CartrackAssignmentUITests;
				PRODUCT_NAME = "$(TARGET_NAME)";
				SWIFT_EMIT_LOC_STRINGS = NO;
				SWIFT_VERSION = 5.0;
				TARGETED_DEVICE_FAMILY = "1,2";
				TEST_TARGET_NAME = CartrackAssignment;
			};
			name = Debug;
		};
		0BA06E0A28971A9100A1EB30 /* Release */ = {
			isa = XCBuildConfiguration;
			buildSettings = {
				ALWAYS_EMBED_SWIFT_STANDARD_LIBRARIES = YES;
				CODE_SIGN_STYLE = Automatic;
				CURRENT_PROJECT_VERSION = 1;
				GENERATE_INFOPLIST_FILE = YES;
				MARKETING_VERSION = 1.0;
				PRODUCT_BUNDLE_IDENTIFIER = ChetanSundriyal.CartrackAssignmentUITests;
				PRODUCT_NAME = "$(TARGET_NAME)";
				SWIFT_EMIT_LOC_STRINGS = NO;
				SWIFT_VERSION = 5.0;
				TARGETED_DEVICE_FAMILY = "1,2";
				TEST_TARGET_NAME = CartrackAssignment;
			};
			name = Release;
		};
/* End XCBuildConfiguration section */

/* Begin XCConfigurationList section */
		0BA06DD928971A8F00A1EB30 /* Build configuration list for PBXProject "CartrackAssignment" */ = {
			isa = XCConfigurationList;
			buildConfigurations = (
				0BA06E0028971A9100A1EB30 /* Debug */,
				0BA06E0128971A9100A1EB30 /* Release */,
			);
			defaultConfigurationIsVisible = 0;
			defaultConfigurationName = Release;
		};
		0BA06E0228971A9100A1EB30 /* Build configuration list for PBXNativeTarget "CartrackAssignment" */ = {
			isa = XCConfigurationList;
			buildConfigurations = (
				0BA06E0328971A9100A1EB30 /* Debug */,
				0BA06E0428971A9100A1EB30 /* Release */,
			);
			defaultConfigurationIsVisible = 0;
			defaultConfigurationName = Release;
		};
		0BA06E0528971A9100A1EB30 /* Build configuration list for PBXNativeTarget "CartrackAssignmentTests" */ = {
			isa = XCConfigurationList;
			buildConfigurations = (
				0BA06E0628971A9100A1EB30 /* Debug */,
				0BA06E0728971A9100A1EB30 /* Release */,
			);
			defaultConfigurationIsVisible = 0;
			defaultConfigurationName = Release;
		};
		0BA06E0828971A9100A1EB30 /* Build configuration list for PBXNativeTarget "CartrackAssignmentUITests" */ = {
			isa = XCConfigurationList;
			buildConfigurations = (
				0BA06E0928971A9100A1EB30 /* Debug */,
				0BA06E0A28971A9100A1EB30 /* Release */,
			);
			defaultConfigurationIsVisible = 0;
			defaultConfigurationName = Release;
		};
/* End XCConfigurationList section */
	};
	rootObject = 0BA06DD628971A8F00A1EB30 /* Project object */;
}
